
Microsoft Visual Studio Solution File, Format Version 10.00
# Visual Studio 2008
Project("{8BC9CEB8-8B4A-11D0-8D11-00A0C91BC942}") = "yyMediaEng", "..\..\..\MFW\Project\OMBox\Win32\yyMediaEng.vcproj", "{0131F7DF-9E1B-4D46-8C6A-9C88B9ABA0E2}"
EndProject
Project("{8BC9CEB8-8B4A-11D0-8D11-00A0C91BC942}") = "yyDemoPlayer", "yyDemoPlayer.vcproj", "{AF957DA9-EED1-471B-8277-D7AE7DE0E035}"
EndProject
Global
	GlobalSection(SolutionConfigurationPlatforms) = preSolution
		Debug|SiRFprima_EVB_CE6_SDK (ARMV4I) = Debug|SiRFprima_EVB_CE6_SDK (ARMV4I)
		Debug|STANDARDSDK_500 (ARMV4I) = Debug|STANDARDSDK_500 (ARMV4I)
		Debug|Win32 = Debug|Win32
		MSB2531|SiRFprima_EVB_CE6_SDK (ARMV4I) = MSB2531|SiRFprima_EVB_CE6_SDK (ARMV4I)
		MSB2531|STANDARDSDK_500 (ARMV4I) = MSB2531|STANDARDSDK_500 (ARMV4I)
		MSB2531|Win32 = MSB2531|Win32
		Release|SiRFprima_EVB_CE6_SDK (ARMV4I) = Release|SiRFprima_EVB_CE6_SDK (ARMV4I)
		Release|STANDARDSDK_500 (ARMV4I) = Release|STANDARDSDK_500 (ARMV4I)
		Release|Win32 = Release|Win32
	EndGlobalSection
	GlobalSection(ProjectConfigurationPlatforms) = postSolution
		{0131F7DF-9E1B-4D46-8C6A-9C88B9ABA0E2}.Debug|SiRFprima_EVB_CE6_SDK (ARMV4I).ActiveCfg = Debug|SiRFprima_EVB_CE6_SDK (ARMV4I)
		{0131F7DF-9E1B-4D46-8C6A-9C88B9ABA0E2}.Debug|SiRFprima_EVB_CE6_SDK (ARMV4I).Build.0 = Debug|SiRFprima_EVB_CE6_SDK (ARMV4I)
		{0131F7DF-9E1B-4D46-8C6A-9C88B9ABA0E2}.Debug|SiRFprima_EVB_CE6_SDK (ARMV4I).Deploy.0 = Debug|SiRFprima_EVB_CE6_SDK (ARMV4I)
		{0131F7DF-9E1B-4D46-8C6A-9C88B9ABA0E2}.Debug|STANDARDSDK_500 (ARMV4I).ActiveCfg = Debug|STANDARDSDK_500 (ARMV4I)
		{0131F7DF-9E1B-4D46-8C6A-9C88B9ABA0E2}.Debug|STANDARDSDK_500 (ARMV4I).Build.0 = Debug|STANDARDSDK_500 (ARMV4I)
		{0131F7DF-9E1B-4D46-8C6A-9C88B9ABA0E2}.Debug|STANDARDSDK_500 (ARMV4I).Deploy.0 = Debug|STANDARDSDK_500 (ARMV4I)
		{0131F7DF-9E1B-4D46-8C6A-9C88B9ABA0E2}.Debug|Win32.ActiveCfg = Debug|Win32
		{0131F7DF-9E1B-4D46-8C6A-9C88B9ABA0E2}.Debug|Win32.Build.0 = Debug|Win32
		{0131F7DF-9E1B-4D46-8C6A-9C88B9ABA0E2}.MSB2531|SiRFprima_EVB_CE6_SDK (ARMV4I).ActiveCfg = MSB2531|SiRFprima_EVB_CE6_SDK (ARMV4I)
		{0131F7DF-9E1B-4D46-8C6A-9C88B9ABA0E2}.MSB2531|SiRFprima_EVB_CE6_SDK (ARMV4I).Build.0 = MSB2531|SiRFprima_EVB_CE6_SDK (ARMV4I)
		{0131F7DF-9E1B-4D46-8C6A-9C88B9ABA0E2}.MSB2531|SiRFprima_EVB_CE6_SDK (ARMV4I).Deploy.0 = MSB2531|SiRFprima_EVB_CE6_SDK (ARMV4I)
		{0131F7DF-9E1B-4D46-8C6A-9C88B9ABA0E2}.MSB2531|STANDARDSDK_500 (ARMV4I).ActiveCfg = MSB2531|STANDARDSDK_500 (ARMV4I)
		{0131F7DF-9E1B-4D46-8C6A-9C88B9ABA0E2}.MSB2531|STANDARDSDK_500 (ARMV4I).Build.0 = MSB2531|STANDARDSDK_500 (ARMV4I)
		{0131F7DF-9E1B-4D46-8C6A-9C88B9ABA0E2}.MSB2531|STANDARDSDK_500 (ARMV4I).Deploy.0 = MSB2531|STANDARDSDK_500 (ARMV4I)
		{0131F7DF-9E1B-4D46-8C6A-9C88B9ABA0E2}.MSB2531|Win32.ActiveCfg = MSB2531|Win32
		{0131F7DF-9E1B-4D46-8C6A-9C88B9ABA0E2}.MSB2531|Win32.Build.0 = MSB2531|Win32
		{0131F7DF-9E1B-4D46-8C6A-9C88B9ABA0E2}.Release|SiRFprima_EVB_CE6_SDK (ARMV4I).ActiveCfg = Release|SiRFprima_EVB_CE6_SDK (ARMV4I)
		{0131F7DF-9E1B-4D46-8C6A-9C88B9ABA0E2}.Release|SiRFprima_EVB_CE6_SDK (ARMV4I).Build.0 = Release|SiRFprima_EVB_CE6_SDK (ARMV4I)
		{0131F7DF-9E1B-4D46-8C6A-9C88B9ABA0E2}.Release|SiRFprima_EVB_CE6_SDK (ARMV4I).Deploy.0 = Release|SiRFprima_EVB_CE6_SDK (ARMV4I)
		{0131F7DF-9E1B-4D46-8C6A-9C88B9ABA0E2}.Release|STANDARDSDK_500 (ARMV4I).ActiveCfg = Release|STANDARDSDK_500 (ARMV4I)
		{0131F7DF-9E1B-4D46-8C6A-9C88B9ABA0E2}.Release|STANDARDSDK_500 (ARMV4I).Build.0 = Release|STANDARDSDK_500 (ARMV4I)
		{0131F7DF-9E1B-4D46-8C6A-9C88B9ABA0E2}.Release|STANDARDSDK_500 (ARMV4I).Deploy.0 = Release|STANDARDSDK_500 (ARMV4I)
		{0131F7DF-9E1B-4D46-8C6A-9C88B9ABA0E2}.Release|Win32.ActiveCfg = Release|Win32
		{0131F7DF-9E1B-4D46-8C6A-9C88B9ABA0E2}.Release|Win32.Build.0 = Release|Win32
		{AF957DA9-EED1-471B-8277-D7AE7DE0E035}.Debug|SiRFprima_EVB_CE6_SDK (ARMV4I).ActiveCfg = Debug|SiRFprima_EVB_CE6_SDK (ARMV4I)
		{AF957DA9-EED1-471B-8277-D7AE7DE0E035}.Debug|SiRFprima_EVB_CE6_SDK (ARMV4I).Build.0 = Debug|SiRFprima_EVB_CE6_SDK (ARMV4I)
		{AF957DA9-EED1-471B-8277-D7AE7DE0E035}.Debug|SiRFprima_EVB_CE6_SDK (ARMV4I).Deploy.0 = Debug|SiRFprima_EVB_CE6_SDK (ARMV4I)
		{AF957DA9-EED1-471B-8277-D7AE7DE0E035}.Debug|STANDARDSDK_500 (ARMV4I).ActiveCfg = Debug|STANDARDSDK_500 (ARMV4I)
		{AF957DA9-EED1-471B-8277-D7AE7DE0E035}.Debug|STANDARDSDK_500 (ARMV4I).Build.0 = Debug|STANDARDSDK_500 (ARMV4I)
		{AF957DA9-EED1-471B-8277-D7AE7DE0E035}.Debug|STANDARDSDK_500 (ARMV4I).Deploy.0 = Debug|STANDARDSDK_500 (ARMV4I)
		{AF957DA9-EED1-471B-8277-D7AE7DE0E035}.Debug|Win32.ActiveCfg = Debug|Win32
		{AF957DA9-EED1-471B-8277-D7AE7DE0E035}.Debug|Win32.Build.0 = Debug|Win32
		{AF957DA9-EED1-471B-8277-D7AE7DE0E035}.MSB2531|SiRFprima_EVB_CE6_SDK (ARMV4I).ActiveCfg = MSB2531|SiRFprima_EVB_CE6_SDK (ARMV4I)
		{AF957DA9-EED1-471B-8277-D7AE7DE0E035}.MSB2531|SiRFprima_EVB_CE6_SDK (ARMV4I).Build.0 = MSB2531|SiRFprima_EVB_CE6_SDK (ARMV4I)
		{AF957DA9-EED1-471B-8277-D7AE7DE0E035}.MSB2531|SiRFprima_EVB_CE6_SDK (ARMV4I).Deploy.0 = MSB2531|SiRFprima_EVB_CE6_SDK (ARMV4I)
		{AF957DA9-EED1-471B-8277-D7AE7DE0E035}.MSB2531|STANDARDSDK_500 (ARMV4I).ActiveCfg = MSB2531|STANDARDSDK_500 (ARMV4I)
		{AF957DA9-EED1-471B-8277-D7AE7DE0E035}.MSB2531|STANDARDSDK_500 (ARMV4I).Build.0 = MSB2531|STANDARDSDK_500 (ARMV4I)
		{AF957DA9-EED1-471B-8277-D7AE7DE0E035}.MSB2531|STANDARDSDK_500 (ARMV4I).Deploy.0 = MSB2531|STANDARDSDK_500 (ARMV4I)
		{AF957DA9-EED1-471B-8277-D7AE7DE0E035}.MSB2531|Win32.ActiveCfg = MSB2531|Win32
		{AF957DA9-EED1-471B-8277-D7AE7DE0E035}.MSB2531|Win32.Build.0 = MSB2531|Win32
		{AF957DA9-EED1-471B-8277-D7AE7DE0E035}.Release|SiRFprima_EVB_CE6_SDK (ARMV4I).ActiveCfg = Release|SiRFprima_EVB_CE6_SDK (ARMV4I)
		{AF957DA9-EED1-471B-8277-D7AE7DE0E035}.Release|SiRFprima_EVB_CE6_SDK (ARMV4I).Build.0 = Release|SiRFprima_EVB_CE6_SDK (ARMV4I)
		{AF957DA9-EED1-471B-8277-D7AE7DE0E035}.Release|SiRFprima_EVB_CE6_SDK (ARMV4I).Deploy.0 = Release|SiRFprima_EVB_CE6_SDK (ARMV4I)
		{AF957DA9-EED1-471B-8277-D7AE7DE0E035}.Release|STANDARDSDK_500 (ARMV4I).ActiveCfg = Release|STANDARDSDK_500 (ARMV4I)
		{AF957DA9-EED1-471B-8277-D7AE7DE0E035}.Release|STANDARDSDK_500 (ARMV4I).Build.0 = Release|STANDARDSDK_500 (ARMV4I)
		{AF957DA9-EED1-471B-8277-D7AE7DE0E035}.Release|STANDARDSDK_500 (ARMV4I).Deploy.0 = Release|STANDARDSDK_500 (ARMV4I)
		{AF957DA9-EED1-471B-8277-D7AE7DE0E035}.Release|Win32.ActiveCfg = Release|Win32
		{AF957DA9-EED1-471B-8277-D7AE7DE0E035}.Release|Win32.Build.0 = Release|Win32
	EndGlobalSection
	GlobalSection(SolutionProperties) = preSolution
		HideSolutionNode = FALSE
	EndGlobalSection
EndGlobal
