
Microsoft Visual Studio Solution File, Format Version 10.00
# Visual Studio 2008
Project("{8BC9CEB8-8B4A-11D0-8D11-00A0C91BC942}") = "JinPlayer", "JinPlayer.vcproj", "{F945D08A-ACA2-4DFF-90FD-9111FAE2E13D}"
EndProject
Project("{8BC9CEB8-8B4A-11D0-8D11-00A0C91BC942}") = "yyMediaEng", "..\..\..\MFW\Project\OMBox\Win32\yyMediaEng.vcproj", "{0131F7DF-9E1B-4D46-8C6A-9C88B9ABA0E2}"
EndProject
Global
	GlobalSection(SolutionConfigurationPlatforms) = preSolution
		Debug|STANDARDSDK_500 (ARMV4I) = Debug|STANDARDSDK_500 (ARMV4I)
		Debug|Win32 = Debug|Win32
		MSB2531|STANDARDSDK_500 (ARMV4I) = MSB2531|STANDARDSDK_500 (ARMV4I)
		MSB2531|Win32 = MSB2531|Win32
		Release|STANDARDSDK_500 (ARMV4I) = Release|STANDARDSDK_500 (ARMV4I)
		Release|Win32 = Release|Win32
	EndGlobalSection
	GlobalSection(ProjectConfigurationPlatforms) = postSolution
		{F945D08A-ACA2-4DFF-90FD-9111FAE2E13D}.Debug|STANDARDSDK_500 (ARMV4I).ActiveCfg = Debug|Win32
		{F945D08A-ACA2-4DFF-90FD-9111FAE2E13D}.Debug|Win32.ActiveCfg = Debug|Win32
		{F945D08A-ACA2-4DFF-90FD-9111FAE2E13D}.Debug|Win32.Build.0 = Debug|Win32
		{F945D08A-ACA2-4DFF-90FD-9111FAE2E13D}.MSB2531|STANDARDSDK_500 (ARMV4I).ActiveCfg = Release|Win32
		{F945D08A-ACA2-4DFF-90FD-9111FAE2E13D}.MSB2531|Win32.ActiveCfg = Release|Win32
		{F945D08A-ACA2-4DFF-90FD-9111FAE2E13D}.MSB2531|Win32.Build.0 = Release|Win32
		{F945D08A-ACA2-4DFF-90FD-9111FAE2E13D}.Release|STANDARDSDK_500 (ARMV4I).ActiveCfg = Release|Win32
		{F945D08A-ACA2-4DFF-90FD-9111FAE2E13D}.Release|Win32.ActiveCfg = Release|Win32
		{F945D08A-ACA2-4DFF-90FD-9111FAE2E13D}.Release|Win32.Build.0 = Release|Win32
		{0131F7DF-9E1B-4D46-8C6A-9C88B9ABA0E2}.Debug|STANDARDSDK_500 (ARMV4I).ActiveCfg = Debug|STANDARDSDK_500 (ARMV4I)
		{0131F7DF-9E1B-4D46-8C6A-9C88B9ABA0E2}.Debug|STANDARDSDK_500 (ARMV4I).Build.0 = Debug|STANDARDSDK_500 (ARMV4I)
		{0131F7DF-9E1B-4D46-8C6A-9C88B9ABA0E2}.Debug|STANDARDSDK_500 (ARMV4I).Deploy.0 = Debug|STANDARDSDK_500 (ARMV4I)
		{0131F7DF-9E1B-4D46-8C6A-9C88B9ABA0E2}.Debug|Win32.ActiveCfg = Debug|Win32
		{0131F7DF-9E1B-4D46-8C6A-9C88B9ABA0E2}.Debug|Win32.Build.0 = Debug|Win32
		{0131F7DF-9E1B-4D46-8C6A-9C88B9ABA0E2}.MSB2531|STANDARDSDK_500 (ARMV4I).ActiveCfg = MSB2531|STANDARDSDK_500 (ARMV4I)
		{0131F7DF-9E1B-4D46-8C6A-9C88B9ABA0E2}.MSB2531|STANDARDSDK_500 (ARMV4I).Build.0 = MSB2531|STANDARDSDK_500 (ARMV4I)
		{0131F7DF-9E1B-4D46-8C6A-9C88B9ABA0E2}.MSB2531|STANDARDSDK_500 (ARMV4I).Deploy.0 = MSB2531|STANDARDSDK_500 (ARMV4I)
		{0131F7DF-9E1B-4D46-8C6A-9C88B9ABA0E2}.MSB2531|Win32.ActiveCfg = MSB2531|Win32
		{0131F7DF-9E1B-4D46-8C6A-9C88B9ABA0E2}.MSB2531|Win32.Build.0 = MSB2531|Win32
		{0131F7DF-9E1B-4D46-8C6A-9C88B9ABA0E2}.Release|STANDARDSDK_500 (ARMV4I).ActiveCfg = Release|STANDARDSDK_500 (ARMV4I)
		{0131F7DF-9E1B-4D46-8C6A-9C88B9ABA0E2}.Release|STANDARDSDK_500 (ARMV4I).Build.0 = Release|STANDARDSDK_500 (ARMV4I)
		{0131F7DF-9E1B-4D46-8C6A-9C88B9ABA0E2}.Release|STANDARDSDK_500 (ARMV4I).Deploy.0 = Release|STANDARDSDK_500 (ARMV4I)
		{0131F7DF-9E1B-4D46-8C6A-9C88B9ABA0E2}.Release|Win32.ActiveCfg = Release|Win32
		{0131F7DF-9E1B-4D46-8C6A-9C88B9ABA0E2}.Release|Win32.Build.0 = Release|Win32
	EndGlobalSection
	GlobalSection(SolutionProperties) = preSolution
		HideSolutionNode = FALSE
	EndGlobalSection
EndGlobal
