
Microsoft Visual Studio Solution File, Format Version 10.00
# Visual Studio 2008
Project("{8BC9CEB8-8B4A-11D0-8D11-00A0C91BC942}") = "TestFFMpeg", "TestFFMpeg.vcproj", "{311DC583-393C-4F34-8D15-A9EE3B7082D0}"
EndProject
Project("{8BC9CEB8-8B4A-11D0-8D11-00A0C91BC942}") = "yyDemoPlayer", "..\..\Player\Demo\Win32\yyDemoPlayer.vcproj", "{AF957DA9-EED1-471B-8277-D7AE7DE0E035}"
EndProject
Project("{8BC9CEB8-8B4A-11D0-8D11-00A0C91BC942}") = "TestFFMem", "..\TestFFMem\TestFFMem.vcproj", "{288AD3F5-2C95-4E85-88AB-D2F57C2E3622}"
EndProject
Global
	GlobalSection(SolutionConfigurationPlatforms) = preSolution
		Debug|STANDARDSDK_500 (ARMV4I) = Debug|STANDARDSDK_500 (ARMV4I)
		Debug|Win32 = Debug|Win32
		MSB2531|STANDARDSDK_500 (ARMV4I) = MSB2531|STANDARDSDK_500 (ARMV4I)
		MSB2531|Win32 = MSB2531|Win32
		Release|STANDARDSDK_500 (ARMV4I) = Release|STANDARDSDK_500 (ARMV4I)
		Release|Win32 = Release|Win32
	EndGlobalSection
	GlobalSection(ProjectConfigurationPlatforms) = postSolution
		{311DC583-393C-4F34-8D15-A9EE3B7082D0}.Debug|STANDARDSDK_500 (ARMV4I).ActiveCfg = Debug|STANDARDSDK_500 (ARMV4I)
		{311DC583-393C-4F34-8D15-A9EE3B7082D0}.Debug|STANDARDSDK_500 (ARMV4I).Build.0 = Debug|STANDARDSDK_500 (ARMV4I)
		{311DC583-393C-4F34-8D15-A9EE3B7082D0}.Debug|STANDARDSDK_500 (ARMV4I).Deploy.0 = Debug|STANDARDSDK_500 (ARMV4I)
		{311DC583-393C-4F34-8D15-A9EE3B7082D0}.Debug|Win32.ActiveCfg = Debug|STANDARDSDK_500 (ARMV4I)
		{311DC583-393C-4F34-8D15-A9EE3B7082D0}.MSB2531|STANDARDSDK_500 (ARMV4I).ActiveCfg = Release|STANDARDSDK_500 (ARMV4I)
		{311DC583-393C-4F34-8D15-A9EE3B7082D0}.MSB2531|STANDARDSDK_500 (ARMV4I).Build.0 = Release|STANDARDSDK_500 (ARMV4I)
		{311DC583-393C-4F34-8D15-A9EE3B7082D0}.MSB2531|STANDARDSDK_500 (ARMV4I).Deploy.0 = Release|STANDARDSDK_500 (ARMV4I)
		{311DC583-393C-4F34-8D15-A9EE3B7082D0}.MSB2531|Win32.ActiveCfg = Release|STANDARDSDK_500 (ARMV4I)
		{311DC583-393C-4F34-8D15-A9EE3B7082D0}.Release|STANDARDSDK_500 (ARMV4I).ActiveCfg = Release|STANDARDSDK_500 (ARMV4I)
		{311DC583-393C-4F34-8D15-A9EE3B7082D0}.Release|STANDARDSDK_500 (ARMV4I).Build.0 = Release|STANDARDSDK_500 (ARMV4I)
		{311DC583-393C-4F34-8D15-A9EE3B7082D0}.Release|STANDARDSDK_500 (ARMV4I).Deploy.0 = Release|STANDARDSDK_500 (ARMV4I)
		{311DC583-393C-4F34-8D15-A9EE3B7082D0}.Release|Win32.ActiveCfg = Release|STANDARDSDK_500 (ARMV4I)
		{AF957DA9-EED1-471B-8277-D7AE7DE0E035}.Debug|STANDARDSDK_500 (ARMV4I).ActiveCfg = Debug|STANDARDSDK_500 (ARMV4I)
		{AF957DA9-EED1-471B-8277-D7AE7DE0E035}.Debug|STANDARDSDK_500 (ARMV4I).Build.0 = Debug|STANDARDSDK_500 (ARMV4I)
		{AF957DA9-EED1-471B-8277-D7AE7DE0E035}.Debug|STANDARDSDK_500 (ARMV4I).Deploy.0 = Debug|STANDARDSDK_500 (ARMV4I)
		{AF957DA9-EED1-471B-8277-D7AE7DE0E035}.Debug|Win32.ActiveCfg = Debug|Win32
		{AF957DA9-EED1-471B-8277-D7AE7DE0E035}.Debug|Win32.Build.0 = Debug|Win32
		{AF957DA9-EED1-471B-8277-D7AE7DE0E035}.MSB2531|STANDARDSDK_500 (ARMV4I).ActiveCfg = MSB2531|STANDARDSDK_500 (ARMV4I)
		{AF957DA9-EED1-471B-8277-D7AE7DE0E035}.MSB2531|STANDARDSDK_500 (ARMV4I).Build.0 = MSB2531|STANDARDSDK_500 (ARMV4I)
		{AF957DA9-EED1-471B-8277-D7AE7DE0E035}.MSB2531|STANDARDSDK_500 (ARMV4I).Deploy.0 = MSB2531|STANDARDSDK_500 (ARMV4I)
		{AF957DA9-EED1-471B-8277-D7AE7DE0E035}.MSB2531|Win32.ActiveCfg = MSB2531|Win32
		{AF957DA9-EED1-471B-8277-D7AE7DE0E035}.MSB2531|Win32.Build.0 = MSB2531|Win32
		{AF957DA9-EED1-471B-8277-D7AE7DE0E035}.Release|STANDARDSDK_500 (ARMV4I).ActiveCfg = Release|STANDARDSDK_500 (ARMV4I)
		{AF957DA9-EED1-471B-8277-D7AE7DE0E035}.Release|STANDARDSDK_500 (ARMV4I).Build.0 = Release|STANDARDSDK_500 (ARMV4I)
		{AF957DA9-EED1-471B-8277-D7AE7DE0E035}.Release|STANDARDSDK_500 (ARMV4I).Deploy.0 = Release|STANDARDSDK_500 (ARMV4I)
		{AF957DA9-EED1-471B-8277-D7AE7DE0E035}.Release|Win32.ActiveCfg = Release|Win32
		{AF957DA9-EED1-471B-8277-D7AE7DE0E035}.Release|Win32.Build.0 = Release|Win32
		{288AD3F5-2C95-4E85-88AB-D2F57C2E3622}.Debug|STANDARDSDK_500 (ARMV4I).ActiveCfg = Debug|STANDARDSDK_500 (ARMV4I)
		{288AD3F5-2C95-4E85-88AB-D2F57C2E3622}.Debug|STANDARDSDK_500 (ARMV4I).Build.0 = Debug|STANDARDSDK_500 (ARMV4I)
		{288AD3F5-2C95-4E85-88AB-D2F57C2E3622}.Debug|STANDARDSDK_500 (ARMV4I).Deploy.0 = Debug|STANDARDSDK_500 (ARMV4I)
		{288AD3F5-2C95-4E85-88AB-D2F57C2E3622}.Debug|Win32.ActiveCfg = Debug|STANDARDSDK_500 (ARMV4I)
		{288AD3F5-2C95-4E85-88AB-D2F57C2E3622}.MSB2531|STANDARDSDK_500 (ARMV4I).ActiveCfg = Release|STANDARDSDK_500 (ARMV4I)
		{288AD3F5-2C95-4E85-88AB-D2F57C2E3622}.MSB2531|STANDARDSDK_500 (ARMV4I).Build.0 = Release|STANDARDSDK_500 (ARMV4I)
		{288AD3F5-2C95-4E85-88AB-D2F57C2E3622}.MSB2531|STANDARDSDK_500 (ARMV4I).Deploy.0 = Release|STANDARDSDK_500 (ARMV4I)
		{288AD3F5-2C95-4E85-88AB-D2F57C2E3622}.MSB2531|Win32.ActiveCfg = Release|STANDARDSDK_500 (ARMV4I)
		{288AD3F5-2C95-4E85-88AB-D2F57C2E3622}.Release|STANDARDSDK_500 (ARMV4I).ActiveCfg = Release|STANDARDSDK_500 (ARMV4I)
		{288AD3F5-2C95-4E85-88AB-D2F57C2E3622}.Release|STANDARDSDK_500 (ARMV4I).Build.0 = Release|STANDARDSDK_500 (ARMV4I)
		{288AD3F5-2C95-4E85-88AB-D2F57C2E3622}.Release|STANDARDSDK_500 (ARMV4I).Deploy.0 = Release|STANDARDSDK_500 (ARMV4I)
		{288AD3F5-2C95-4E85-88AB-D2F57C2E3622}.Release|Win32.ActiveCfg = Release|STANDARDSDK_500 (ARMV4I)
	EndGlobalSection
	GlobalSection(SolutionProperties) = preSolution
		HideSolutionNode = FALSE
	EndGlobalSection
EndGlobal
