
Microsoft Visual Studio Solution File, Format Version 10.00
# Visual Studio 2008
Project("{8BC9CEB8-8B4A-11D0-8D11-00A0C91BC942}") = "yySamplePlayer", "yySamplePlayer.vcproj", "{890EF31B-D67C-4460-A2FD-CCDDACF85CA3}"
EndProject
Project("{8BC9CEB8-8B4A-11D0-8D11-00A0C91BC942}") = "yyMediaEng", "..\..\..\MFW\Project\OMBox\Win32\yyMediaEng.vcproj", "{0131F7DF-9E1B-4D46-8C6A-9C88B9ABA0E2}"
EndProject
Global
	GlobalSection(SolutionConfigurationPlatforms) = preSolution
		Debug|Mixed Platforms = Debug|Mixed Platforms
		Debug|STANDARDSDK_500 (ARMV4I) = Debug|STANDARDSDK_500 (ARMV4I)
		Debug|Win32 = Debug|Win32
		MSB2531|Mixed Platforms = MSB2531|Mixed Platforms
		MSB2531|STANDARDSDK_500 (ARMV4I) = MSB2531|STANDARDSDK_500 (ARMV4I)
		MSB2531|Win32 = MSB2531|Win32
		Release|Mixed Platforms = Release|Mixed Platforms
		Release|STANDARDSDK_500 (ARMV4I) = Release|STANDARDSDK_500 (ARMV4I)
		Release|Win32 = Release|Win32
	EndGlobalSection
	GlobalSection(ProjectConfigurationPlatforms) = postSolution
		{890EF31B-D67C-4460-A2FD-CCDDACF85CA3}.Debug|Mixed Platforms.ActiveCfg = Debug|Win32
		{890EF31B-D67C-4460-A2FD-CCDDACF85CA3}.Debug|Mixed Platforms.Build.0 = Debug|Win32
		{890EF31B-D67C-4460-A2FD-CCDDACF85CA3}.Debug|STANDARDSDK_500 (ARMV4I).ActiveCfg = Debug|STANDARDSDK_500 (ARMV4I)
		{890EF31B-D67C-4460-A2FD-CCDDACF85CA3}.Debug|Win32.ActiveCfg = Debug|Win32
		{890EF31B-D67C-4460-A2FD-CCDDACF85CA3}.Debug|Win32.Build.0 = Debug|Win32
		{890EF31B-D67C-4460-A2FD-CCDDACF85CA3}.MSB2531|Mixed Platforms.ActiveCfg = MSB2531|STANDARDSDK_500 (ARMV4I)
		{890EF31B-D67C-4460-A2FD-CCDDACF85CA3}.MSB2531|Mixed Platforms.Build.0 = MSB2531|STANDARDSDK_500 (ARMV4I)
		{890EF31B-D67C-4460-A2FD-CCDDACF85CA3}.MSB2531|Mixed Platforms.Deploy.0 = MSB2531|STANDARDSDK_500 (ARMV4I)
		{890EF31B-D67C-4460-A2FD-CCDDACF85CA3}.MSB2531|STANDARDSDK_500 (ARMV4I).ActiveCfg = MSB2531|STANDARDSDK_500 (ARMV4I)
		{890EF31B-D67C-4460-A2FD-CCDDACF85CA3}.MSB2531|STANDARDSDK_500 (ARMV4I).Deploy.0 = MSB2531|STANDARDSDK_500 (ARMV4I)
		{890EF31B-D67C-4460-A2FD-CCDDACF85CA3}.MSB2531|Win32.ActiveCfg = MSB2531|Win32
		{890EF31B-D67C-4460-A2FD-CCDDACF85CA3}.Release|Mixed Platforms.ActiveCfg = Release|Win32
		{890EF31B-D67C-4460-A2FD-CCDDACF85CA3}.Release|Mixed Platforms.Build.0 = Release|Win32
		{890EF31B-D67C-4460-A2FD-CCDDACF85CA3}.Release|STANDARDSDK_500 (ARMV4I).ActiveCfg = Release|STANDARDSDK_500 (ARMV4I)
		{890EF31B-D67C-4460-A2FD-CCDDACF85CA3}.Release|Win32.ActiveCfg = Release|Win32
		{890EF31B-D67C-4460-A2FD-CCDDACF85CA3}.Release|Win32.Build.0 = Release|Win32
		{0131F7DF-9E1B-4D46-8C6A-9C88B9ABA0E2}.Debug|Mixed Platforms.ActiveCfg = Debug|STANDARDSDK_500 (ARMV4I)
		{0131F7DF-9E1B-4D46-8C6A-9C88B9ABA0E2}.Debug|Mixed Platforms.Build.0 = Debug|STANDARDSDK_500 (ARMV4I)
		{0131F7DF-9E1B-4D46-8C6A-9C88B9ABA0E2}.Debug|Mixed Platforms.Deploy.0 = Debug|STANDARDSDK_500 (ARMV4I)
		{0131F7DF-9E1B-4D46-8C6A-9C88B9ABA0E2}.Debug|STANDARDSDK_500 (ARMV4I).ActiveCfg = Debug|STANDARDSDK_500 (ARMV4I)
		{0131F7DF-9E1B-4D46-8C6A-9C88B9ABA0E2}.Debug|STANDARDSDK_500 (ARMV4I).Build.0 = Debug|STANDARDSDK_500 (ARMV4I)
		{0131F7DF-9E1B-4D46-8C6A-9C88B9ABA0E2}.Debug|STANDARDSDK_500 (ARMV4I).Deploy.0 = Debug|STANDARDSDK_500 (ARMV4I)
		{0131F7DF-9E1B-4D46-8C6A-9C88B9ABA0E2}.Debug|Win32.ActiveCfg = Debug|Win32
		{0131F7DF-9E1B-4D46-8C6A-9C88B9ABA0E2}.Debug|Win32.Build.0 = Debug|Win32
		{0131F7DF-9E1B-4D46-8C6A-9C88B9ABA0E2}.MSB2531|Mixed Platforms.ActiveCfg = MSB2531|STANDARDSDK_500 (ARMV4I)
		{0131F7DF-9E1B-4D46-8C6A-9C88B9ABA0E2}.MSB2531|Mixed Platforms.Build.0 = MSB2531|STANDARDSDK_500 (ARMV4I)
		{0131F7DF-9E1B-4D46-8C6A-9C88B9ABA0E2}.MSB2531|Mixed Platforms.Deploy.0 = MSB2531|STANDARDSDK_500 (ARMV4I)
		{0131F7DF-9E1B-4D46-8C6A-9C88B9ABA0E2}.MSB2531|STANDARDSDK_500 (ARMV4I).ActiveCfg = MSB2531|STANDARDSDK_500 (ARMV4I)
		{0131F7DF-9E1B-4D46-8C6A-9C88B9ABA0E2}.MSB2531|STANDARDSDK_500 (ARMV4I).Build.0 = MSB2531|STANDARDSDK_500 (ARMV4I)
		{0131F7DF-9E1B-4D46-8C6A-9C88B9ABA0E2}.MSB2531|STANDARDSDK_500 (ARMV4I).Deploy.0 = MSB2531|STANDARDSDK_500 (ARMV4I)
		{0131F7DF-9E1B-4D46-8C6A-9C88B9ABA0E2}.MSB2531|Win32.ActiveCfg = MSB2531|Win32
		{0131F7DF-9E1B-4D46-8C6A-9C88B9ABA0E2}.MSB2531|Win32.Build.0 = MSB2531|Win32
		{0131F7DF-9E1B-4D46-8C6A-9C88B9ABA0E2}.Release|Mixed Platforms.ActiveCfg = Release|STANDARDSDK_500 (ARMV4I)
		{0131F7DF-9E1B-4D46-8C6A-9C88B9ABA0E2}.Release|Mixed Platforms.Build.0 = Release|STANDARDSDK_500 (ARMV4I)
		{0131F7DF-9E1B-4D46-8C6A-9C88B9ABA0E2}.Release|Mixed Platforms.Deploy.0 = Release|STANDARDSDK_500 (ARMV4I)
		{0131F7DF-9E1B-4D46-8C6A-9C88B9ABA0E2}.Release|STANDARDSDK_500 (ARMV4I).ActiveCfg = Release|STANDARDSDK_500 (ARMV4I)
		{0131F7DF-9E1B-4D46-8C6A-9C88B9ABA0E2}.Release|STANDARDSDK_500 (ARMV4I).Build.0 = Release|STANDARDSDK_500 (ARMV4I)
		{0131F7DF-9E1B-4D46-8C6A-9C88B9ABA0E2}.Release|STANDARDSDK_500 (ARMV4I).Deploy.0 = Release|STANDARDSDK_500 (ARMV4I)
		{0131F7DF-9E1B-4D46-8C6A-9C88B9ABA0E2}.Release|Win32.ActiveCfg = Release|Win32
		{0131F7DF-9E1B-4D46-8C6A-9C88B9ABA0E2}.Release|Win32.Build.0 = Release|Win32
	EndGlobalSection
	GlobalSection(SolutionProperties) = preSolution
		HideSolutionNode = FALSE
	EndGlobalSection
EndGlobal
